
Microsoft Visual Studio Solution File, Format Version 12.00
# Visual Studio Version 17
VisualStudioVersion = 17.5.002.0
MinimumVisualStudioVersion = 10.0.40219.1
Project("{9A19103F-16F7-4668-BE54-9A1E7A4F7556}") = "Polymorphism-Person", "Polymorphism-Person.csproj", "{D8C1F5D3-B992-4678-9D84-B77CE469CDC2}"
EndProject
Global
	GlobalSection(SolutionConfigurationPlatforms) = preSolution
		Debug|Any CPU = Debug|Any CPU
		Release|Any CPU = Release|Any CPU
	EndGlobalSection
	GlobalSection(ProjectConfigurationPlatforms) = postSolution
		{D8C1F5D3-B992-4678-9D84-B77CE469CDC2}.Debug|Any CPU.ActiveCfg = Debug|Any CPU
		{D8C1F5D3-B992-4678-9D84-B77CE469CDC2}.Debug|Any CPU.Build.0 = Debug|Any CPU
		{D8C1F5D3-B992-4678-9D84-B77CE469CDC2}.Release|Any CPU.ActiveCfg = Release|Any CPU
		{D8C1F5D3-B992-4678-9D84-B77CE469CDC2}.Release|Any CPU.Build.0 = Release|Any CPU
	EndGlobalSection
	GlobalSection(SolutionProperties) = preSolution
		HideSolutionNode = FALSE
	EndGlobalSection
	GlobalSection(ExtensibilityGlobals) = postSolution
		SolutionGuid = {C4779C22-F846-48C8-8894-3C766E150CDD}
	EndGlobalSection
EndGlobal
